
Microsoft Visual Studio Solution File, Format Version 12.00
# Visual Studio Version 16
VisualStudioVersion = 16.0.31729.503
MinimumVisualStudioVersion = 10.0.40219.1
Project("{8BC9CEB8-8B4A-11D0-8D11-00A0C91BC942}") = "lab3.3_D", "lab3.3_D\lab3.3_D.vcxproj", "{58E5597A-2D3C-4F70-B046-369F814C81B7}"
EndProject
Project("{8BC9CEB8-8B4A-11D0-8D11-00A0C91BC942}") = "UnitTest1", "UnitTest1\UnitTest1.vcxproj", "{0F29D629-171C-4A7E-8883-7AF574E8276B}"
EndProject
Global
	GlobalSection(SolutionConfigurationPlatforms) = preSolution
		Debug|x64 = Debug|x64
		Debug|x86 = Debug|x86
		Release|x64 = Release|x64
		Release|x86 = Release|x86
	EndGlobalSection
	GlobalSection(ProjectConfigurationPlatforms) = postSolution
		{58E5597A-2D3C-4F70-B046-369F814C81B7}.Debug|x64.ActiveCfg = Debug|x64
		{58E5597A-2D3C-4F70-B046-369F814C81B7}.Debug|x64.Build.0 = Debug|x64
		{58E5597A-2D3C-4F70-B046-369F814C81B7}.Debug|x86.ActiveCfg = Debug|Win32
		{58E5597A-2D3C-4F70-B046-369F814C81B7}.Debug|x86.Build.0 = Debug|Win32
		{58E5597A-2D3C-4F70-B046-369F814C81B7}.Release|x64.ActiveCfg = Release|x64
		{58E5597A-2D3C-4F70-B046-369F814C81B7}.Release|x64.Build.0 = Release|x64
		{58E5597A-2D3C-4F70-B046-369F814C81B7}.Release|x86.ActiveCfg = Release|Win32
		{58E5597A-2D3C-4F70-B046-369F814C81B7}.Release|x86.Build.0 = Release|Win32
		{0F29D629-171C-4A7E-8883-7AF574E8276B}.Debug|x64.ActiveCfg = Debug|x64
		{0F29D629-171C-4A7E-8883-7AF574E8276B}.Debug|x64.Build.0 = Debug|x64
		{0F29D629-171C-4A7E-8883-7AF574E8276B}.Debug|x86.ActiveCfg = Debug|Win32
		{0F29D629-171C-4A7E-8883-7AF574E8276B}.Debug|x86.Build.0 = Debug|Win32
		{0F29D629-171C-4A7E-8883-7AF574E8276B}.Release|x64.ActiveCfg = Release|x64
		{0F29D629-171C-4A7E-8883-7AF574E8276B}.Release|x64.Build.0 = Release|x64
		{0F29D629-171C-4A7E-8883-7AF574E8276B}.Release|x86.ActiveCfg = Release|Win32
		{0F29D629-171C-4A7E-8883-7AF574E8276B}.Release|x86.Build.0 = Release|Win32
	EndGlobalSection
	GlobalSection(SolutionProperties) = preSolution
		HideSolutionNode = FALSE
	EndGlobalSection
	GlobalSection(ExtensibilityGlobals) = postSolution
		SolutionGuid = {A9350BA3-F700-4807-B0DD-FF497104941E}
	EndGlobalSection
EndGlobal
